
Microsoft Visual Studio Solution File, Format Version 12.00
# Visual Studio Version 17
VisualStudioVersion = 17.4.33213.308
MinimumVisualStudioVersion = 10.0.40219.1
Project("{FAE04EC0-301F-11D3-BF4B-00C04F79EFBC}") = "LinkedList", "LinkedList.csproj", "{73692A83-5FA3-4BC5-A152-9843DC01549F}"
EndProject
Global
	GlobalSection(SolutionConfigurationPlatforms) = preSolution
		Debug|Any CPU = Debug|Any CPU
		Release|Any CPU = Release|Any CPU
	EndGlobalSection
	GlobalSection(ProjectConfigurationPlatforms) = postSolution
		{73692A83-5FA3-4BC5-A152-9843DC01549F}.Debug|Any CPU.ActiveCfg = Debug|Any CPU
		{73692A83-5FA3-4BC5-A152-9843DC01549F}.Debug|Any CPU.Build.0 = Debug|Any CPU
		{73692A83-5FA3-4BC5-A152-9843DC01549F}.Release|Any CPU.ActiveCfg = Release|Any CPU
		{73692A83-5FA3-4BC5-A152-9843DC01549F}.Release|Any CPU.Build.0 = Release|Any CPU
	EndGlobalSection
	GlobalSection(SolutionProperties) = preSolution
		HideSolutionNode = FALSE
	EndGlobalSection
	GlobalSection(ExtensibilityGlobals) = postSolution
		SolutionGuid = {77F2CFDD-3440-499A-9C08-F52B6D00D8E8}
	EndGlobalSection
EndGlobal
